
Microsoft Visual Studio Solution File, Format Version 12.00
# Visual Studio Version 16
VisualStudioVersion = 16.0.31313.79
MinimumVisualStudioVersion = 10.0.40219.1
Project("{FAE04EC0-301F-11D3-BF4B-00C04F79EFBC}") = "TransportSystem", "TransportSystem\TransportSystem.csproj", "{237E33D3-27EA-4A8B-9458-F9811192E70A}"
EndProject
Project("{FAE04EC0-301F-11D3-BF4B-00C04F79EFBC}") = "TransportSystem.Data", "TransportSystem.Data\TransportSystem.Data.csproj", "{3010395A-F46F-40C8-8001-63A6D1460B23}"
EndProject
Global
	GlobalSection(SolutionConfigurationPlatforms) = preSolution
		Debug|Any CPU = Debug|Any CPU
		Release|Any CPU = Release|Any CPU
	EndGlobalSection
	GlobalSection(ProjectConfigurationPlatforms) = postSolution
		{237E33D3-27EA-4A8B-9458-F9811192E70A}.Debug|Any CPU.ActiveCfg = Debug|Any CPU
		{237E33D3-27EA-4A8B-9458-F9811192E70A}.Debug|Any CPU.Build.0 = Debug|Any CPU
		{237E33D3-27EA-4A8B-9458-F9811192E70A}.Release|Any CPU.ActiveCfg = Release|Any CPU
		{237E33D3-27EA-4A8B-9458-F9811192E70A}.Release|Any CPU.Build.0 = Release|Any CPU
		{3010395A-F46F-40C8-8001-63A6D1460B23}.Debug|Any CPU.ActiveCfg = Debug|Any CPU
		{3010395A-F46F-40C8-8001-63A6D1460B23}.Debug|Any CPU.Build.0 = Debug|Any CPU
		{3010395A-F46F-40C8-8001-63A6D1460B23}.Release|Any CPU.ActiveCfg = Release|Any CPU
		{3010395A-F46F-40C8-8001-63A6D1460B23}.Release|Any CPU.Build.0 = Release|Any CPU
	EndGlobalSection
	GlobalSection(SolutionProperties) = preSolution
		HideSolutionNode = FALSE
	EndGlobalSection
	GlobalSection(ExtensibilityGlobals) = postSolution
		SolutionGuid = {D84F4528-2159-4BFF-96B0-DEB98CA479CC}
	EndGlobalSection
EndGlobal
